
Microsoft Visual Studio Solution File, Format Version 11.00
# Visual Web Developer Express 2010
Project("{FAE04EC0-301F-11D3-BF4B-00C04F79EFBC}") = "KonekcijaNorthwind", "KonekcijaNorthwind\KonekcijaNorthwind.csproj", "{CCA03186-CA2B-4B47-BFB0-08371314336B}"
EndProject
Global
	GlobalSection(SolutionConfigurationPlatforms) = preSolution
		Debug|Any CPU = Debug|Any CPU
		Release|Any CPU = Release|Any CPU
	EndGlobalSection
	GlobalSection(ProjectConfigurationPlatforms) = postSolution
		{CCA03186-CA2B-4B47-BFB0-08371314336B}.Debug|Any CPU.ActiveCfg = Debug|Any CPU
		{CCA03186-CA2B-4B47-BFB0-08371314336B}.Debug|Any CPU.Build.0 = Debug|Any CPU
		{CCA03186-CA2B-4B47-BFB0-08371314336B}.Release|Any CPU.ActiveCfg = Release|Any CPU
		{CCA03186-CA2B-4B47-BFB0-08371314336B}.Release|Any CPU.Build.0 = Release|Any CPU
	EndGlobalSection
	GlobalSection(SolutionProperties) = preSolution
		HideSolutionNode = FALSE
	EndGlobalSection
EndGlobal
